
Microsoft Visual Studio Solution File, Format Version 12.00
# Visual Studio Version 17
VisualStudioVersion = 17.5.33627.172
MinimumVisualStudioVersion = 10.0.40219.1
Project("{778DAE3C-4631-46EA-AA77-85C1314464D9}") = "KeySeekerOfSplorr", "KeySeekerOfSplorr\KeySeekerOfSplorr.vbproj", "{FEDAC667-5C02-4A5B-B007-2F2EB27A6291}"
EndProject
Project("{778DAE3C-4631-46EA-AA77-85C1314464D9}") = "KSOS.Application", "KSOS.Application\KSOS.Application.vbproj", "{F8D05D19-0171-4EFF-A936-12F1818470E3}"
EndProject
Project("{2150E333-8FDC-42A3-9474-1A3956D46DE8}") = "_STUFF", "_STUFF", "{FB5BFF90-D042-4CE3-B163-E73A5E87119F}"
	ProjectSection(SolutionItems) = preProject
		..\README.md = ..\README.md
		..\shippit.sh = ..\shippit.sh
	EndProjectSection
EndProject
Project("{778DAE3C-4631-46EA-AA77-85C1314464D9}") = "SPLORR.Game", "..\abettor-of-splorr\src\SPLORR.Game\SPLORR.Game.vbproj", "{29310091-996F-45B6-8054-40BB42AC56EC}"
EndProject
Project("{2150E333-8FDC-42A3-9474-1A3956D46DE8}") = "Submodules", "Submodules", "{4243C528-9BF3-4D76-A352-8F76683F0B4D}"
EndProject
Project("{778DAE3C-4631-46EA-AA77-85C1314464D9}") = "KSOS.Business", "KSOS.Business\KSOS.Business.vbproj", "{15CD056B-C39B-46B4-ADCB-36B0225D46DD}"
EndProject
Project("{778DAE3C-4631-46EA-AA77-85C1314464D9}") = "KSOS.Data", "KSOS.Data\KSOS.Data.vbproj", "{8EB1DB45-36FD-4AC3-93E8-08A7C471C586}"
EndProject
Global
	GlobalSection(SolutionConfigurationPlatforms) = preSolution
		Debug|Any CPU = Debug|Any CPU
		Release|Any CPU = Release|Any CPU
	EndGlobalSection
	GlobalSection(ProjectConfigurationPlatforms) = postSolution
		{FEDAC667-5C02-4A5B-B007-2F2EB27A6291}.Debug|Any CPU.ActiveCfg = Debug|Any CPU
		{FEDAC667-5C02-4A5B-B007-2F2EB27A6291}.Debug|Any CPU.Build.0 = Debug|Any CPU
		{FEDAC667-5C02-4A5B-B007-2F2EB27A6291}.Release|Any CPU.ActiveCfg = Release|Any CPU
		{FEDAC667-5C02-4A5B-B007-2F2EB27A6291}.Release|Any CPU.Build.0 = Release|Any CPU
		{F8D05D19-0171-4EFF-A936-12F1818470E3}.Debug|Any CPU.ActiveCfg = Debug|Any CPU
		{F8D05D19-0171-4EFF-A936-12F1818470E3}.Debug|Any CPU.Build.0 = Debug|Any CPU
		{F8D05D19-0171-4EFF-A936-12F1818470E3}.Release|Any CPU.ActiveCfg = Release|Any CPU
		{F8D05D19-0171-4EFF-A936-12F1818470E3}.Release|Any CPU.Build.0 = Release|Any CPU
		{29310091-996F-45B6-8054-40BB42AC56EC}.Debug|Any CPU.ActiveCfg = Debug|Any CPU
		{29310091-996F-45B6-8054-40BB42AC56EC}.Debug|Any CPU.Build.0 = Debug|Any CPU
		{29310091-996F-45B6-8054-40BB42AC56EC}.Release|Any CPU.ActiveCfg = Release|Any CPU
		{29310091-996F-45B6-8054-40BB42AC56EC}.Release|Any CPU.Build.0 = Release|Any CPU
		{15CD056B-C39B-46B4-ADCB-36B0225D46DD}.Debug|Any CPU.ActiveCfg = Debug|Any CPU
		{15CD056B-C39B-46B4-ADCB-36B0225D46DD}.Debug|Any CPU.Build.0 = Debug|Any CPU
		{15CD056B-C39B-46B4-ADCB-36B0225D46DD}.Release|Any CPU.ActiveCfg = Release|Any CPU
		{15CD056B-C39B-46B4-ADCB-36B0225D46DD}.Release|Any CPU.Build.0 = Release|Any CPU
		{8EB1DB45-36FD-4AC3-93E8-08A7C471C586}.Debug|Any CPU.ActiveCfg = Debug|Any CPU
		{8EB1DB45-36FD-4AC3-93E8-08A7C471C586}.Debug|Any CPU.Build.0 = Debug|Any CPU
		{8EB1DB45-36FD-4AC3-93E8-08A7C471C586}.Release|Any CPU.ActiveCfg = Release|Any CPU
		{8EB1DB45-36FD-4AC3-93E8-08A7C471C586}.Release|Any CPU.Build.0 = Release|Any CPU
	EndGlobalSection
	GlobalSection(SolutionProperties) = preSolution
		HideSolutionNode = FALSE
	EndGlobalSection
	GlobalSection(NestedProjects) = preSolution
		{29310091-996F-45B6-8054-40BB42AC56EC} = {4243C528-9BF3-4D76-A352-8F76683F0B4D}
	EndGlobalSection
	GlobalSection(ExtensibilityGlobals) = postSolution
		SolutionGuid = {3778A4EB-C386-4A33-9132-155B4E5D86A0}
	EndGlobalSection
EndGlobal
